
Microsoft Visual Studio Solution File, Format Version 12.00
# Visual Studio Version 17
VisualStudioVersion = 17.14.36811.4
MinimumVisualStudioVersion = 10.0.40219.1
Project("{FAE04EC0-301F-11D3-BF4B-00C04F79EFBC}") = "irigation", "irigation.csproj", "{120D8F33-D2A5-4C6D-9E00-CA8F49B8862D}"
EndProject
Global
	GlobalSection(SolutionConfigurationPlatforms) = preSolution
		Debug|Any CPU = Debug|Any CPU
		Release|Any CPU = Release|Any CPU
	EndGlobalSection
	GlobalSection(ProjectConfigurationPlatforms) = postSolution
		{120D8F33-D2A5-4C6D-9E00-CA8F49B8862D}.Debug|Any CPU.ActiveCfg = Debug|Any CPU
		{120D8F33-D2A5-4C6D-9E00-CA8F49B8862D}.Debug|Any CPU.Build.0 = Debug|Any CPU
		{120D8F33-D2A5-4C6D-9E00-CA8F49B8862D}.Release|Any CPU.ActiveCfg = Release|Any CPU
		{120D8F33-D2A5-4C6D-9E00-CA8F49B8862D}.Release|Any CPU.Build.0 = Release|Any CPU
	EndGlobalSection
	GlobalSection(SolutionProperties) = preSolution
		HideSolutionNode = FALSE
	EndGlobalSection
	GlobalSection(ExtensibilityGlobals) = postSolution
		SolutionGuid = {366013B0-52BD-4913-93E4-859F981E1708}
	EndGlobalSection
EndGlobal
